// !$*UTF8*$!
{
	archiveVersion = 1;
	classes = {
	};
	objectVersion = 46;
	objects = {

/* Begin PBXBuildFile section */
		95074E0F1A8C165D00EDDBAB /* gameLeft.png in Resources */ = {isa = PBXBuildFile; fileRef = 95074E0C1A8C165D00EDDBAB /* gameLeft.png */; };
		95074E101A8C165D00EDDBAB /* gameMid.png in Resources */ = {isa = PBXBuildFile; fileRef = 95074E0D1A8C165D00EDDBAB /* gameMid.png */; };
		95074E111A8C165D00EDDBAB /* gameRight.png in Resources */ = {isa = PBXBuildFile; fileRef = 95074E0E1A8C165D00EDDBAB /* gameRight.png */; };
		95074E151A8C3F6A00EDDBAB /* Game.swift in Sources */ = {isa = PBXBuildFile; fileRef = 95074E141A8C3F6A00EDDBAB /* Game.swift */; };
		95EA27211A81466D00E7ADC3 /* Obstacle.swift in Sources */ = {isa = PBXBuildFile; fileRef = 95EA27201A81466D00E7ADC3 /* Obstacle.swift */; };
		95EA27231A8147E400E7ADC3 /* pillar.png in Resources */ = {isa = PBXBuildFile; fileRef = 95EA27221A8147E400E7ADC3 /* pillar.png */; };
		95EA27251A83437800E7ADC3 /* background.png in Resources */ = {isa = PBXBuildFile; fileRef = 95EA27241A83437800E7ADC3 /* background.png */; };
		95EA27271A8345EE00E7ADC3 /* GameOver.swift in Sources */ = {isa = PBXBuildFile; fileRef = 95EA27261A8345EE00E7ADC3 /* GameOver.swift */; };
		95EA272B1A836E9200E7ADC3 /* Cartoon_cloud.png in Resources */ = {isa = PBXBuildFile; fileRef = 95EA272A1A836E9200E7ADC3 /* Cartoon_cloud.png */; };
		E761B80B1A682771000D0E8A /* AppDelegate.swift in Sources */ = {isa = PBXBuildFile; fileRef = E761B80A1A682771000D0E8A /* AppDelegate.swift */; };
		E761B80D1A682771000D0E8A /* GameScene.sks in Resources */ = {isa = PBXBuildFile; fileRef = E761B80C1A682771000D0E8A /* GameScene.sks */; };
		E761B80F1A682771000D0E8A /* GameScene.swift in Sources */ = {isa = PBXBuildFile; fileRef = E761B80E1A682771000D0E8A /* GameScene.swift */; };
		E761B8111A682771000D0E8A /* GameViewController.swift in Sources */ = {isa = PBXBuildFile; fileRef = E761B8101A682771000D0E8A /* GameViewController.swift */; };
		E761B8141A682771000D0E8A /* Main.storyboard in Resources */ = {isa = PBXBuildFile; fileRef = E761B8121A682771000D0E8A /* Main.storyboard */; };
		E761B8161A682772000D0E8A /* Images.xcassets in Resources */ = {isa = PBXBuildFile; fileRef = E761B8151A682772000D0E8A /* Images.xcassets */; };
		E761B8191A682772000D0E8A /* LaunchScreen.xib in Resources */ = {isa = PBXBuildFile; fileRef = E761B8171A682772000D0E8A /* LaunchScreen.xib */; };
		E761B8251A682772000D0E8A /* Flappy_BirdTests.swift in Sources */ = {isa = PBXBuildFile; fileRef = E761B8241A682772000D0E8A /* Flappy_BirdTests.swift */; };
		E761B82F1A682957000D0E8A /* Player.swift in Sources */ = {isa = PBXBuildFile; fileRef = E761B82E1A682957000D0E8A /* Player.swift */; };
		E761B8311A682A57000D0E8A /* bird.png in Resources */ = {isa = PBXBuildFile; fileRef = E761B8301A682A57000D0E8A /* bird.png */; };
		E7F965FA1A71770F004EB9DF /* Jump.wav in Resources */ = {isa = PBXBuildFile; fileRef = E7F965F91A71770F004EB9DF /* Jump.wav */; };
/* End PBXBuildFile section */

/* Begin PBXContainerItemProxy section */
		E761B81F1A682772000D0E8A /* PBXContainerItemProxy */ = {
			isa = PBXContainerItemProxy;
			containerPortal = E761B7FD1A682771000D0E8A /* Project object */;
			proxyType = 1;
			remoteGlobalIDString = E761B8041A682771000D0E8A;
			remoteInfo = "Flappy Bird";
		};
/* End PBXContainerItemProxy section */

/* Begin PBXFileReference section */
		95074E0C1A8C165D00EDDBAB /* gameLeft.png */ = {isa = PBXFileReference; lastKnownFileType = image.png; path = gameLeft.png; sourceTree = "<group>"; };
		95074E0D1A8C165D00EDDBAB /* gameMid.png */ = {isa = PBXFileReference; lastKnownFileType = image.png; path = gameMid.png; sourceTree = "<group>"; };
		95074E0E1A8C165D00EDDBAB /* gameRight.png */ = {isa = PBXFileReference; lastKnownFileType = image.png; path = gameRight.png; sourceTree = "<group>"; };
		95074E141A8C3F6A00EDDBAB /* Game.swift */ = {isa = PBXFileReference; fileEncoding = 4; lastKnownFileType = sourcecode.swift; path = Game.swift; sourceTree = "<group>"; };
		95EA27201A81466D00E7ADC3 /* Obstacle.swift */ = {isa = PBXFileReference; fileEncoding = 4; lastKnownFileType = sourcecode.swift; path = Obstacle.swift; sourceTree = "<group>"; };
		95EA27221A8147E400E7ADC3 /* pillar.png */ = {isa = PBXFileReference; lastKnownFileType = image.png; path = pillar.png; sourceTree = "<group>"; };
		95EA27241A83437800E7ADC3 /* background.png */ = {isa = PBXFileReference; lastKnownFileType = image.png; path = background.png; sourceTree = "<group>"; };
		95EA27261A8345EE00E7ADC3 /* GameOver.swift */ = {isa = PBXFileReference; fileEncoding = 4; lastKnownFileType = sourcecode.swift; path = GameOver.swift; sourceTree = "<group>"; };
		95EA272A1A836E9200E7ADC3 /* Cartoon_cloud.png */ = {isa = PBXFileReference; lastKnownFileType = image.png; path = Cartoon_cloud.png; sourceTree = "<group>"; };
		E761B8051A682771000D0E8A /* Flappy Bird.app */ = {isa = PBXFileReference; explicitFileType = wrapper.application; includeInIndex = 0; path = "Flappy Bird.app"; sourceTree = BUILT_PRODUCTS_DIR; };
		E761B8091A682771000D0E8A /* Info.plist */ = {isa = PBXFileReference; lastKnownFileType = text.plist.xml; path = Info.plist; sourceTree = "<group>"; };
		E761B80A1A682771000D0E8A /* AppDelegate.swift */ = {isa = PBXFileReference; lastKnownFileType = sourcecode.swift; path = AppDelegate.swift; sourceTree = "<group>"; };
		E761B80C1A682771000D0E8A /* GameScene.sks */ = {isa = PBXFileReference; lastKnownFileType = file.sks; path = GameScene.sks; sourceTree = "<group>"; };
		E761B80E1A682771000D0E8A /* GameScene.swift */ = {isa = PBXFileReference; lastKnownFileType = sourcecode.swift; path = GameScene.swift; sourceTree = "<group>"; };
		E761B8101A682771000D0E8A /* GameViewController.swift */ = {isa = PBXFileReference; lastKnownFileType = sourcecode.swift; path = GameViewController.swift; sourceTree = "<group>"; };
		E761B8131A682771000D0E8A /* Base */ = {isa = PBXFileReference; lastKnownFileType = file.storyboard; name = Base; path = Base.lproj/Main.storyboard; sourceTree = "<group>"; };
		E761B8151A682772000D0E8A /* Images.xcassets */ = {isa = PBXFileReference; lastKnownFileType = folder.assetcatalog; path = Images.xcassets; sourceTree = "<group>"; };
		E761B8181A682772000D0E8A /* Base */ = {isa = PBXFileReference; lastKnownFileType = file.xib; name = Base; path = Base.lproj/LaunchScreen.xib; sourceTree = "<group>"; };
		E761B81E1A682772000D0E8A /* Flappy BirdTests.xctest */ = {isa = PBXFileReference; explicitFileType = wrapper.cfbundle; includeInIndex = 0; path = "Flappy BirdTests.xctest"; sourceTree = BUILT_PRODUCTS_DIR; };
		E761B8231A682772000D0E8A /* Info.plist */ = {isa = PBXFileReference; lastKnownFileType = text.plist.xml; path = Info.plist; sourceTree = "<group>"; };
		E761B8241A682772000D0E8A /* Flappy_BirdTests.swift */ = {isa = PBXFileReference; lastKnownFileType = sourcecode.swift; path = Flappy_BirdTests.swift; sourceTree = "<group>"; };
		E761B82E1A682957000D0E8A /* Player.swift */ = {isa = PBXFileReference; fileEncoding = 4; lastKnownFileType = sourcecode.swift; path = Player.swift; sourceTree = "<group>"; };
		E761B8301A682A57000D0E8A /* bird.png */ = {isa = PBXFileReference; lastKnownFileType = image.png; path = bird.png; sourceTree = "<group>"; };
		E7F965F91A71770F004EB9DF /* Jump.wav */ = {isa = PBXFileReference; lastKnownFileType = audio.wav; path = Jump.wav; sourceTree = "<group>"; };
/* End PBXFileReference section */

/* Begin PBXFrameworksBuildPhase section */
		E761B8021A682771000D0E8A /* Frameworks */ = {
			isa = PBXFrameworksBuildPhase;
			buildActionMask = 2147483647;
			files = (
			);
			runOnlyForDeploymentPostprocessing = 0;
		};
		E761B81B1A682772000D0E8A /* Frameworks */ = {
			isa = PBXFrameworksBuildPhase;
			buildActionMask = 2147483647;
			files = (
			);
			runOnlyForDeploymentPostprocessing = 0;
		};
/* End PBXFrameworksBuildPhase section */

/* Begin PBXGroup section */
		E761B7FC1A682771000D0E8A = {
			isa = PBXGroup;
			children = (
				E761B8071A682771000D0E8A /* Flappy Bird */,
				E761B8211A682772000D0E8A /* Flappy BirdTests */,
				E761B8061A682771000D0E8A /* Products */,
			);
			sourceTree = "<group>";
		};
		E761B8061A682771000D0E8A /* Products */ = {
			isa = PBXGroup;
			children = (
				E761B8051A682771000D0E8A /* Flappy Bird.app */,
				E761B81E1A682772000D0E8A /* Flappy BirdTests.xctest */,
			);
			name = Products;
			sourceTree = "<group>";
		};
		E761B8071A682771000D0E8A /* Flappy Bird */ = {
			isa = PBXGroup;
			children = (
				95074E0C1A8C165D00EDDBAB /* gameLeft.png */,
				95074E0D1A8C165D00EDDBAB /* gameMid.png */,
				95074E0E1A8C165D00EDDBAB /* gameRight.png */,
				95EA272A1A836E9200E7ADC3 /* Cartoon_cloud.png */,
				95EA27241A83437800E7ADC3 /* background.png */,
				95EA27221A8147E400E7ADC3 /* pillar.png */,
				E7F965F91A71770F004EB9DF /* Jump.wav */,
				E761B8301A682A57000D0E8A /* bird.png */,
				E761B80A1A682771000D0E8A /* AppDelegate.swift */,
				E761B80C1A682771000D0E8A /* GameScene.sks */,
				E761B80E1A682771000D0E8A /* GameScene.swift */,
				95074E141A8C3F6A00EDDBAB /* Game.swift */,
				95EA27261A8345EE00E7ADC3 /* GameOver.swift */,
				95EA27201A81466D00E7ADC3 /* Obstacle.swift */,
				E761B82E1A682957000D0E8A /* Player.swift */,
				E761B8101A682771000D0E8A /* GameViewController.swift */,
				E761B8121A682771000D0E8A /* Main.storyboard */,
				E761B8151A682772000D0E8A /* Images.xcassets */,
				E761B8171A682772000D0E8A /* LaunchScreen.xib */,
				E761B8081A682771000D0E8A /* Supporting Files */,
			);
			path = "Flappy Bird";
			sourceTree = "<group>";
		};
		E761B8081A682771000D0E8A /* Supporting Files */ = {
			isa = PBXGroup;
			children = (
				E761B8091A682771000D0E8A /* Info.plist */,
			);
			name = "Supporting Files";
			sourceTree = "<group>";
		};
		E761B8211A682772000D0E8A /* Flappy BirdTests */ = {
			isa = PBXGroup;
			children = (
				E761B8241A682772000D0E8A /* Flappy_BirdTests.swift */,
				E761B8221A682772000D0E8A /* Supporting Files */,
			);
			path = "Flappy BirdTests";
			sourceTree = "<group>";
		};
		E761B8221A682772000D0E8A /* Supporting Files */ = {
			isa = PBXGroup;
			children = (
				E761B8231A682772000D0E8A /* Info.plist */,
			);
			name = "Supporting Files";
			sourceTree = "<group>";
		};
/* End PBXGroup section */

/* Begin PBXNativeTarget section */
		E761B8041A682771000D0E8A /* Flappy Bird */ = {
			isa = PBXNativeTarget;
			buildConfigurationList = E761B8281A682772000D0E8A /* Build configuration list for PBXNativeTarget "Flappy Bird" */;
			buildPhases = (
				E761B8011A682771000D0E8A /* Sources */,
				E761B8021A682771000D0E8A /* Frameworks */,
				E761B8031A682771000D0E8A /* Resources */,
			);
			buildRules = (
			);
			dependencies = (
			);
			name = "Flappy Bird";
			productName = "Flappy Bird";
			productReference = E761B8051A682771000D0E8A /* Flappy Bird.app */;
			productType = "com.apple.product-type.application";
		};
		E761B81D1A682772000D0E8A /* Flappy BirdTests */ = {
			isa = PBXNativeTarget;
			buildConfigurationList = E761B82B1A682772000D0E8A /* Build configuration list for PBXNativeTarget "Flappy BirdTests" */;
			buildPhases = (
				E761B81A1A682772000D0E8A /* Sources */,
				E761B81B1A682772000D0E8A /* Frameworks */,
				E761B81C1A682772000D0E8A /* Resources */,
			);
			buildRules = (
			);
			dependencies = (
				E761B8201A682772000D0E8A /* PBXTargetDependency */,
			);
			name = "Flappy BirdTests";
			productName = "Flappy BirdTests";
			productReference = E761B81E1A682772000D0E8A /* Flappy BirdTests.xctest */;
			productType = "com.apple.product-type.bundle.unit-test";
		};
/* End PBXNativeTarget section */

/* Begin PBXProject section */
		E761B7FD1A682771000D0E8A /* Project object */ = {
			isa = PBXProject;
			attributes = {
				LastUpgradeCheck = 0610;
				ORGANIZATIONNAME = "Kevin Ly";
				TargetAttributes = {
					E761B8041A682771000D0E8A = {
						CreatedOnToolsVersion = 6.1.1;
						DevelopmentTeam = PY9957M84G;
					};
					E761B81D1A682772000D0E8A = {
						CreatedOnToolsVersion = 6.1.1;
						TestTargetID = E761B8041A682771000D0E8A;
					};
				};
			};
			buildConfigurationList = E761B8001A682771000D0E8A /* Build configuration list for PBXProject "Flappy Bird" */;
			compatibilityVersion = "Xcode 3.2";
			developmentRegion = English;
			hasScannedForEncodings = 0;
			knownRegions = (
				en,
				Base,
			);
			mainGroup = E761B7FC1A682771000D0E8A;
			productRefGroup = E761B8061A682771000D0E8A /* Products */;
			projectDirPath = "";
			projectRoot = "";
			targets = (
				E761B8041A682771000D0E8A /* Flappy Bird */,
				E761B81D1A682772000D0E8A /* Flappy BirdTests */,
			);
		};
/* End PBXProject section */

/* Begin PBXResourcesBuildPhase section */
		E761B8031A682771000D0E8A /* Resources */ = {
			isa = PBXResourcesBuildPhase;
			buildActionMask = 2147483647;
			files = (
				95EA272B1A836E9200E7ADC3 /* Cartoon_cloud.png in Resources */,
				95EA27231A8147E400E7ADC3 /* pillar.png in Resources */,
				E761B8191A682772000D0E8A /* LaunchScreen.xib in Resources */,
				95074E0F1A8C165D00EDDBAB /* gameLeft.png in Resources */,
				95EA27251A83437800E7ADC3 /* background.png in Resources */,
				95074E111A8C165D00EDDBAB /* gameRight.png in Resources */,
				E761B8311A682A57000D0E8A /* bird.png in Resources */,
				E761B8161A682772000D0E8A /* Images.xcassets in Resources */,
				95074E101A8C165D00EDDBAB /* gameMid.png in Resources */,
				E761B80D1A682771000D0E8A /* GameScene.sks in Resources */,
				E761B8141A682771000D0E8A /* Main.storyboard in Resources */,
				E7F965FA1A71770F004EB9DF /* Jump.wav in Resources */,
			);
			runOnlyForDeploymentPostprocessing = 0;
		};
		E761B81C1A682772000D0E8A /* Resources */ = {
			isa = PBXResourcesBuildPhase;
			buildActionMask = 2147483647;
			files = (
			);
			runOnlyForDeploymentPostprocessing = 0;
		};
/* End PBXResourcesBuildPhase section */

/* Begin PBXSourcesBuildPhase section */
		E761B8011A682771000D0E8A /* Sources */ = {
			isa = PBXSourcesBuildPhase;
			buildActionMask = 2147483647;
			files = (
				E761B82F1A682957000D0E8A /* Player.swift in Sources */,
				E761B80F1A682771000D0E8A /* GameScene.swift in Sources */,
				95EA27211A81466D00E7ADC3 /* Obstacle.swift in Sources */,
				95EA27271A8345EE00E7ADC3 /* GameOver.swift in Sources */,
				E761B8111A682771000D0E8A /* GameViewController.swift in Sources */,
				E761B80B1A682771000D0E8A /* AppDelegate.swift in Sources */,
				95074E151A8C3F6A00EDDBAB /* Game.swift in Sources */,
			);
			runOnlyForDeploymentPostprocessing = 0;
		};
		E761B81A1A682772000D0E8A /* Sources */ = {
			isa = PBXSourcesBuildPhase;
			buildActionMask = 2147483647;
			files = (
				E761B8251A682772000D0E8A /* Flappy_BirdTests.swift in Sources */,
			);
			runOnlyForDeploymentPostprocessing = 0;
		};
/* End PBXSourcesBuildPhase section */

/* Begin PBXTargetDependency section */
		E761B8201A682772000D0E8A /* PBXTargetDependency */ = {
			isa = PBXTargetDependency;
			target = E761B8041A682771000D0E8A /* Flappy Bird */;
			targetProxy = E761B81F1A682772000D0E8A /* PBXContainerItemProxy */;
		};
/* End PBXTargetDependency section */

/* Begin PBXVariantGroup section */
		E761B8121A682771000D0E8A /* Main.storyboard */ = {
			isa = PBXVariantGroup;
			children = (
				E761B8131A682771000D0E8A /* Base */,
			);
			name = Main.storyboard;
			sourceTree = "<group>";
		};
		E761B8171A682772000D0E8A /* LaunchScreen.xib */ = {
			isa = PBXVariantGroup;
			children = (
				E761B8181A682772000D0E8A /* Base */,
			);
			name = LaunchScreen.xib;
			sourceTree = "<group>";
		};
/* End PBXVariantGroup section */

/* Begin XCBuildConfiguration section */
		E761B8261A682772000D0E8A /* Debug */ = {
			isa = XCBuildConfiguration;
			buildSettings = {
				ALWAYS_SEARCH_USER_PATHS = NO;
				CLANG_CXX_LANGUAGE_STANDARD = "gnu++0x";
				CLANG_CXX_LIBRARY = "libc++";
				CLANG_ENABLE_MODULES = YES;
				CLANG_ENABLE_OBJC_ARC = YES;
				CLANG_WARN_BOOL_CONVERSION = YES;
				CLANG_WARN_CONSTANT_CONVERSION = YES;
				CLANG_WARN_DIRECT_OBJC_ISA_USAGE = YES_ERROR;
				CLANG_WARN_EMPTY_BODY = YES;
				CLANG_WARN_ENUM_CONVERSION = YES;
				CLANG_WARN_INT_CONVERSION = YES;
				CLANG_WARN_OBJC_ROOT_CLASS = YES_ERROR;
				CLANG_WARN_UNREACHABLE_CODE = YES;
				CLANG_WARN__DUPLICATE_METHOD_MATCH = YES;
				"CODE_SIGN_IDENTITY[sdk=iphoneos*]" = "iPhone Developer";
				COPY_PHASE_STRIP = NO;
				ENABLE_STRICT_OBJC_MSGSEND = YES;
				GCC_C_LANGUAGE_STANDARD = gnu99;
				GCC_DYNAMIC_NO_PIC = NO;
				GCC_OPTIMIZATION_LEVEL = 0;
				GCC_PREPROCESSOR_DEFINITIONS = (
					"DEBUG=1",
					"$(inherited)",
				);
				GCC_SYMBOLS_PRIVATE_EXTERN = NO;
				GCC_WARN_64_TO_32_BIT_CONVERSION = YES;
				GCC_WARN_ABOUT_RETURN_TYPE = YES_ERROR;
				GCC_WARN_UNDECLARED_SELECTOR = YES;
				GCC_WARN_UNINITIALIZED_AUTOS = YES_AGGRESSIVE;
				GCC_WARN_UNUSED_FUNCTION = YES;
				GCC_WARN_UNUSED_VARIABLE = YES;
				IPHONEOS_DEPLOYMENT_TARGET = 8.1;
				MTL_ENABLE_DEBUG_INFO = YES;
				ONLY_ACTIVE_ARCH = YES;
				SDKROOT = iphoneos;
				SWIFT_OPTIMIZATION_LEVEL = "-Onone";
				TARGETED_DEVICE_FAMILY = "1,2";
			};
			name = Debug;
		};
		E761B8271A682772000D0E8A /* Release */ = {
			isa = XCBuildConfiguration;
			buildSettings = {
				ALWAYS_SEARCH_USER_PATHS = NO;
				CLANG_CXX_LANGUAGE_STANDARD = "gnu++0x";
				CLANG_CXX_LIBRARY = "libc++";
				CLANG_ENABLE_MODULES = YES;
				CLANG_ENABLE_OBJC_ARC = YES;
				CLANG_WARN_BOOL_CONVERSION = YES;
				CLANG_WARN_CONSTANT_CONVERSION = YES;
				CLANG_WARN_DIRECT_OBJC_ISA_USAGE = YES_ERROR;
				CLANG_WARN_EMPTY_BODY = YES;
				CLANG_WARN_ENUM_CONVERSION = YES;
				CLANG_WARN_INT_CONVERSION = YES;
				CLANG_WARN_OBJC_ROOT_CLASS = YES_ERROR;
				CLANG_WARN_UNREACHABLE_CODE = YES;
				CLANG_WARN__DUPLICATE_METHOD_MATCH = YES;
				"CODE_SIGN_IDENTITY[sdk=iphoneos*]" = "iPhone Developer";
				COPY_PHASE_STRIP = YES;
				ENABLE_NS_ASSERTIONS = NO;
				ENABLE_STRICT_OBJC_MSGSEND = YES;
				GCC_C_LANGUAGE_STANDARD = gnu99;
				GCC_WARN_64_TO_32_BIT_CONVERSION = YES;
				GCC_WARN_ABOUT_RETURN_TYPE = YES_ERROR;
				GCC_WARN_UNDECLARED_SELECTOR = YES;
				GCC_WARN_UNINITIALIZED_AUTOS = YES_AGGRESSIVE;
				GCC_WARN_UNUSED_FUNCTION = YES;
				GCC_WARN_UNUSED_VARIABLE = YES;
				IPHONEOS_DEPLOYMENT_TARGET = 8.1;
				MTL_ENABLE_DEBUG_INFO = NO;
				SDKROOT = iphoneos;
				TARGETED_DEVICE_FAMILY = "1,2";
				VALIDATE_PRODUCT = YES;
			};
			name = Release;
		};
		E761B8291A682772000D0E8A /* Debug */ = {
			isa = XCBuildConfiguration;
			buildSettings = {
				CODE_SIGN_IDENTITY = "iPhone Developer";
				"CODE_SIGN_IDENTITY[sdk=iphoneos*]" = "iPhone Developer";
				INFOPLIST_FILE = "Flappy Bird/Info.plist";
				IPHONEOS_DEPLOYMENT_TARGET = 8.1;
				LD_RUNPATH_SEARCH_PATHS = "$(inherited) @executable_path/Frameworks";
				PRODUCT_NAME = "$(TARGET_NAME)";
				PROVISIONING_PROFILE = "";
				TARGETED_DEVICE_FAMILY = "1,2";
			};
			name = Debug;
		};
		E761B82A1A682772000D0E8A /* Release */ = {
			isa = XCBuildConfiguration;
			buildSettings = {
				CODE_SIGN_IDENTITY = "iPhone Developer";
				"CODE_SIGN_IDENTITY[sdk=iphoneos*]" = "iPhone Developer";
				INFOPLIST_FILE = "Flappy Bird/Info.plist";
				IPHONEOS_DEPLOYMENT_TARGET = 8.1;
				LD_RUNPATH_SEARCH_PATHS = "$(inherited) @executable_path/Frameworks";
				PRODUCT_NAME = "$(TARGET_NAME)";
				PROVISIONING_PROFILE = "";
				TARGETED_DEVICE_FAMILY = "1,2";
			};
			name = Release;
		};
		E761B82C1A682772000D0E8A /* Debug */ = {
			isa = XCBuildConfiguration;
			buildSettings = {
				BUNDLE_LOADER = "$(TEST_HOST)";
				FRAMEWORK_SEARCH_PATHS = (
					"$(SDKROOT)/Developer/Library/Frameworks",
					"$(inherited)",
				);
				GCC_PREPROCESSOR_DEFINITIONS = (
					"DEBUG=1",
					"$(inherited)",
				);
				INFOPLIST_FILE = "Flappy BirdTests/Info.plist";
				LD_RUNPATH_SEARCH_PATHS = "$(inherited) @executable_path/Frameworks @loader_path/Frameworks";
				PRODUCT_NAME = "$(TARGET_NAME)";
				TEST_HOST = "$(BUILT_PRODUCTS_DIR)/Flappy Bird.app/Flappy Bird";
			};
			name = Debug;
		};
		E761B82D1A682772000D0E8A /* Release */ = {
			isa = XCBuildConfiguration;
			buildSettings = {
				BUNDLE_LOADER = "$(TEST_HOST)";
				FRAMEWORK_SEARCH_PATHS = (
					"$(SDKROOT)/Developer/Library/Frameworks",
					"$(inherited)",
				);
				INFOPLIST_FILE = "Flappy BirdTests/Info.plist";
				LD_RUNPATH_SEARCH_PATHS = "$(inherited) @executable_path/Frameworks @loader_path/Frameworks";
				PRODUCT_NAME = "$(TARGET_NAME)";
				TEST_HOST = "$(BUILT_PRODUCTS_DIR)/Flappy Bird.app/Flappy Bird";
			};
			name = Release;
		};
/* End XCBuildConfiguration section */

/* Begin XCConfigurationList section */
		E761B8001A682771000D0E8A /* Build configuration list for PBXProject "Flappy Bird" */ = {
			isa = XCConfigurationList;
			buildConfigurations = (
				E761B8261A682772000D0E8A /* Debug */,
				E761B8271A682772000D0E8A /* Release */,
			);
			defaultConfigurationIsVisible = 0;
			defaultConfigurationName = Release;
		};
		E761B8281A682772000D0E8A /* Build configuration list for PBXNativeTarget "Flappy Bird" */ = {
			isa = XCConfigurationList;
			buildConfigurations = (
				E761B8291A682772000D0E8A /* Debug */,
				E761B82A1A682772000D0E8A /* Release */,
			);
			defaultConfigurationIsVisible = 0;
			defaultConfigurationName = Release;
		};
		E761B82B1A682772000D0E8A /* Build configuration list for PBXNativeTarget "Flappy BirdTests" */ = {
			isa = XCConfigurationList;
			buildConfigurations = (
				E761B82C1A682772000D0E8A /* Debug */,
				E761B82D1A682772000D0E8A /* Release */,
			);
			defaultConfigurationIsVisible = 0;
			defaultConfigurationName = Release;
		};
/* End XCConfigurationList section */
	};
	rootObject = E761B7FD1A682771000D0E8A /* Project object */;
}
